
Microsoft Visual Studio Solution File, Format Version 12.00
# Visual Studio Version 17
VisualStudioVersion = 17.14.36414.22
MinimumVisualStudioVersion = 10.0.40219.1
Project("{FAE04EC0-301F-11D3-BF4B-00C04F79EFBC}") = "demo", "demo\demo.csproj", "{95154183-BEF8-436D-89CF-4B821D7B3211}"
	ProjectSection(ProjectDependencies) = postProject
		{30ED9435-F00A-E1D7-0AA8-DCD576F89936} = {30ED9435-F00A-E1D7-0AA8-DCD576F89936}
	EndProjectSection
EndProject
Project("{FAE04EC0-301F-11D3-BF4B-00C04F79EFBC}") = "hahahalib", "hahahalib\hahahalib\hahahalib.csproj", "{30ED9435-F00A-E1D7-0AA8-DCD576F89936}"
EndProject
Global
	GlobalSection(SolutionConfigurationPlatforms) = preSolution
		Debug|Any CPU = Debug|Any CPU
		Debug|x64 = Debug|x64
		Release|Any CPU = Release|Any CPU
		Release|x64 = Release|x64
	EndGlobalSection
	GlobalSection(ProjectConfigurationPlatforms) = postSolution
		{95154183-BEF8-436D-89CF-4B821D7B3211}.Debug|Any CPU.ActiveCfg = Debug|Any CPU
		{95154183-BEF8-436D-89CF-4B821D7B3211}.Debug|Any CPU.Build.0 = Debug|Any CPU
		{95154183-BEF8-436D-89CF-4B821D7B3211}.Debug|x64.ActiveCfg = Debug|x64
		{95154183-BEF8-436D-89CF-4B821D7B3211}.Debug|x64.Build.0 = Debug|x64
		{95154183-BEF8-436D-89CF-4B821D7B3211}.Release|Any CPU.ActiveCfg = Release|Any CPU
		{95154183-BEF8-436D-89CF-4B821D7B3211}.Release|Any CPU.Build.0 = Release|Any CPU
		{95154183-BEF8-436D-89CF-4B821D7B3211}.Release|x64.ActiveCfg = Release|x64
		{95154183-BEF8-436D-89CF-4B821D7B3211}.Release|x64.Build.0 = Release|x64
		{30ED9435-F00A-E1D7-0AA8-DCD576F89936}.Debug|Any CPU.ActiveCfg = Debug|Any CPU
		{30ED9435-F00A-E1D7-0AA8-DCD576F89936}.Debug|Any CPU.Build.0 = Debug|Any CPU
		{30ED9435-F00A-E1D7-0AA8-DCD576F89936}.Debug|x64.ActiveCfg = Debug|x64
		{30ED9435-F00A-E1D7-0AA8-DCD576F89936}.Debug|x64.Build.0 = Debug|x64
		{30ED9435-F00A-E1D7-0AA8-DCD576F89936}.Release|Any CPU.ActiveCfg = Release|Any CPU
		{30ED9435-F00A-E1D7-0AA8-DCD576F89936}.Release|Any CPU.Build.0 = Release|Any CPU
		{30ED9435-F00A-E1D7-0AA8-DCD576F89936}.Release|x64.ActiveCfg = Release|x64
		{30ED9435-F00A-E1D7-0AA8-DCD576F89936}.Release|x64.Build.0 = Release|x64
	EndGlobalSection
	GlobalSection(SolutionProperties) = preSolution
		HideSolutionNode = FALSE
	EndGlobalSection
	GlobalSection(ExtensibilityGlobals) = postSolution
		SolutionGuid = {9338FDB4-04C6-4372-AEF3-1B8608974BCC}
	EndGlobalSection
EndGlobal
